// !$*UTF8*$!
{
	archiveVersion = 1;
	classes = {
	};
	objectVersion = 56;
	objects = {

/* Begin PBXBuildFile section */
		E846DA052BC7CE5E00C217C1 /* RealityKitContent in Frameworks */ = {isa = PBXBuildFile; productRef = E846DA042BC7CE5E00C217C1 /* RealityKitContent */; };
		E846DA072BC7CE5E00C217C1 /* visionOS3DModelsTestApp.swift in Sources */ = {isa = PBXBuildFile; fileRef = E846DA062BC7CE5E00C217C1 /* visionOS3DModelsTestApp.swift */; };
		E846DA092BC7CE5E00C217C1 /* ContentView.swift in Sources */ = {isa = PBXBuildFile; fileRef = E846DA082BC7CE5E00C217C1 /* ContentView.swift */; };
		E846DA0B2BC7CE5E00C217C1 /* ImmersiveView.swift in Sources */ = {isa = PBXBuildFile; fileRef = E846DA0A2BC7CE5E00C217C1 /* ImmersiveView.swift */; };
		E846DA0D2BC7CE6000C217C1 /* Assets.xcassets in Resources */ = {isa = PBXBuildFile; fileRef = E846DA0C2BC7CE6000C217C1 /* Assets.xcassets */; };
		E846DA102BC7CE6000C217C1 /* Preview Assets.xcassets in Resources */ = {isa = PBXBuildFile; fileRef = E846DA0F2BC7CE6000C217C1 /* Preview Assets.xcassets */; };
		E846DA192BC91A3400C217C1 /* InventoryItem.swift in Sources */ = {isa = PBXBuildFile; fileRef = E846DA182BC91A3400C217C1 /* InventoryItem.swift */; };
		E846DA1C2BC91AF300C217C1 /* ListViewModel.swift in Sources */ = {isa = PBXBuildFile; fileRef = E846DA1B2BC91AF300C217C1 /* ListViewModel.swift */; };
		E846DA1E2BC91B5500C217C1 /* ListView.swift in Sources */ = {isa = PBXBuildFile; fileRef = E846DA1D2BC91B5500C217C1 /* ListView.swift */; };
		E846DA202BC91C0800C217C1 /* ListItemView.swift in Sources */ = {isa = PBXBuildFile; fileRef = E846DA1F2BC91C0800C217C1 /* ListItemView.swift */; };
		E846DA2B2BC9224900C217C1 /* Navigation.swift in Sources */ = {isa = PBXBuildFile; fileRef = E846DA2A2BC9224900C217C1 /* Navigation.swift */; };
		E846DA2E2BC9227D00C217C1 /* ItemView.swift in Sources */ = {isa = PBXBuildFile; fileRef = E846DA2D2BC9227D00C217C1 /* ItemView.swift */; };
		E846DA312BC9229100C217C1 /* ItemViewModel.swift in Sources */ = {isa = PBXBuildFile; fileRef = E846DA302BC9229100C217C1 /* ItemViewModel.swift */; };
		E846DA3A2BC9300200C217C1 /* Drummer.usdz in Resources */ = {isa = PBXBuildFile; fileRef = E846DA372BC9300200C217C1 /* Drummer.usdz */; };
		E846DA3B2BC9300200C217C1 /* DslrCamera.usdz in Resources */ = {isa = PBXBuildFile; fileRef = E846DA382BC9300200C217C1 /* DslrCamera.usdz */; };
		E846DA3C2BC9300200C217C1 /* MagnifyingGlass.usdz in Resources */ = {isa = PBXBuildFile; fileRef = E846DA392BC9300200C217C1 /* MagnifyingGlass.usdz */; };
		E846DA422BCD4A7100C217C1 /* Camera.usdz in Resources */ = {isa = PBXBuildFile; fileRef = E846DA412BCD4A7100C217C1 /* Camera.usdz */; };
/* End PBXBuildFile section */

/* Begin PBXFileReference section */
		E846D9FF2BC7CE5E00C217C1 /* visionOS3DModelsTest.app */ = {isa = PBXFileReference; explicitFileType = wrapper.application; includeInIndex = 0; path = visionOS3DModelsTest.app; sourceTree = BUILT_PRODUCTS_DIR; };
		E846DA032BC7CE5E00C217C1 /* RealityKitContent */ = {isa = PBXFileReference; lastKnownFileType = wrapper; path = RealityKitContent; sourceTree = "<group>"; };
		E846DA062BC7CE5E00C217C1 /* visionOS3DModelsTestApp.swift */ = {isa = PBXFileReference; lastKnownFileType = sourcecode.swift; path = visionOS3DModelsTestApp.swift; sourceTree = "<group>"; };
		E846DA082BC7CE5E00C217C1 /* ContentView.swift */ = {isa = PBXFileReference; lastKnownFileType = sourcecode.swift; path = ContentView.swift; sourceTree = "<group>"; };
		E846DA0A2BC7CE5E00C217C1 /* ImmersiveView.swift */ = {isa = PBXFileReference; lastKnownFileType = sourcecode.swift; path = ImmersiveView.swift; sourceTree = "<group>"; };
		E846DA0C2BC7CE6000C217C1 /* Assets.xcassets */ = {isa = PBXFileReference; lastKnownFileType = folder.assetcatalog; path = Assets.xcassets; sourceTree = "<group>"; };
		E846DA0F2BC7CE6000C217C1 /* Preview Assets.xcassets */ = {isa = PBXFileReference; lastKnownFileType = folder.assetcatalog; path = "Preview Assets.xcassets"; sourceTree = "<group>"; };
		E846DA112BC7CE6000C217C1 /* Info.plist */ = {isa = PBXFileReference; lastKnownFileType = text.plist.xml; path = Info.plist; sourceTree = "<group>"; };
		E846DA182BC91A3400C217C1 /* InventoryItem.swift */ = {isa = PBXFileReference; lastKnownFileType = sourcecode.swift; path = InventoryItem.swift; sourceTree = "<group>"; };
		E846DA1B2BC91AF300C217C1 /* ListViewModel.swift */ = {isa = PBXFileReference; lastKnownFileType = sourcecode.swift; path = ListViewModel.swift; sourceTree = "<group>"; };
		E846DA1D2BC91B5500C217C1 /* ListView.swift */ = {isa = PBXFileReference; lastKnownFileType = sourcecode.swift; path = ListView.swift; sourceTree = "<group>"; };
		E846DA1F2BC91C0800C217C1 /* ListItemView.swift */ = {isa = PBXFileReference; lastKnownFileType = sourcecode.swift; path = ListItemView.swift; sourceTree = "<group>"; };
		E846DA2A2BC9224900C217C1 /* Navigation.swift */ = {isa = PBXFileReference; lastKnownFileType = sourcecode.swift; path = Navigation.swift; sourceTree = "<group>"; };
		E846DA2D2BC9227D00C217C1 /* ItemView.swift */ = {isa = PBXFileReference; lastKnownFileType = sourcecode.swift; path = ItemView.swift; sourceTree = "<group>"; };
		E846DA302BC9229100C217C1 /* ItemViewModel.swift */ = {isa = PBXFileReference; lastKnownFileType = sourcecode.swift; path = ItemViewModel.swift; sourceTree = "<group>"; };
		E846DA372BC9300200C217C1 /* Drummer.usdz */ = {isa = PBXFileReference; lastKnownFileType = file.usdz; path = Drummer.usdz; sourceTree = "<group>"; };
		E846DA382BC9300200C217C1 /* DslrCamera.usdz */ = {isa = PBXFileReference; lastKnownFileType = file.usdz; path = DslrCamera.usdz; sourceTree = "<group>"; };
		E846DA392BC9300200C217C1 /* MagnifyingGlass.usdz */ = {isa = PBXFileReference; lastKnownFileType = file.usdz; path = MagnifyingGlass.usdz; sourceTree = "<group>"; };
		E846DA412BCD4A7100C217C1 /* Camera.usdz */ = {isa = PBXFileReference; lastKnownFileType = file.usdz; path = Camera.usdz; sourceTree = "<group>"; };
/* End PBXFileReference section */

/* Begin PBXFrameworksBuildPhase section */
		E846D9FC2BC7CE5E00C217C1 /* Frameworks */ = {
			isa = PBXFrameworksBuildPhase;
			buildActionMask = 2147483647;
			files = (
				E846DA052BC7CE5E00C217C1 /* RealityKitContent in Frameworks */,
			);
			runOnlyForDeploymentPostprocessing = 0;
		};
/* End PBXFrameworksBuildPhase section */

/* Begin PBXGroup section */
		E846D9F62BC7CE5E00C217C1 = {
			isa = PBXGroup;
			children = (
				E846DA012BC7CE5E00C217C1 /* visionOS3DModelsTest */,
				E846DA022BC7CE5E00C217C1 /* Packages */,
				E846DA002BC7CE5E00C217C1 /* Products */,
			);
			sourceTree = "<group>";
		};
		E846DA002BC7CE5E00C217C1 /* Products */ = {
			isa = PBXGroup;
			children = (
				E846D9FF2BC7CE5E00C217C1 /* visionOS3DModelsTest.app */,
			);
			name = Products;
			sourceTree = "<group>";
		};
		E846DA012BC7CE5E00C217C1 /* visionOS3DModelsTest */ = {
			isa = PBXGroup;
			children = (
				E846DA362BC92F0900C217C1 /* USDZ */,
				E846DA2C2BC9227100C217C1 /* Item */,
				E846DA292BC9223D00C217C1 /* Navigation */,
				E846DA1A2BC91AE900C217C1 /* List */,
				E846DA172BC91A1900C217C1 /* Models */,
				E846DA062BC7CE5E00C217C1 /* visionOS3DModelsTestApp.swift */,
				E846DA082BC7CE5E00C217C1 /* ContentView.swift */,
				E846DA0A2BC7CE5E00C217C1 /* ImmersiveView.swift */,
				E846DA0C2BC7CE6000C217C1 /* Assets.xcassets */,
				E846DA112BC7CE6000C217C1 /* Info.plist */,
				E846DA0E2BC7CE6000C217C1 /* Preview Content */,
			);
			path = visionOS3DModelsTest;
			sourceTree = "<group>";
		};
		E846DA022BC7CE5E00C217C1 /* Packages */ = {
			isa = PBXGroup;
			children = (
				E846DA032BC7CE5E00C217C1 /* RealityKitContent */,
			);
			path = Packages;
			sourceTree = "<group>";
		};
		E846DA0E2BC7CE6000C217C1 /* Preview Content */ = {
			isa = PBXGroup;
			children = (
				E846DA0F2BC7CE6000C217C1 /* Preview Assets.xcassets */,
			);
			path = "Preview Content";
			sourceTree = "<group>";
		};
		E846DA172BC91A1900C217C1 /* Models */ = {
			isa = PBXGroup;
			children = (
				E846DA182BC91A3400C217C1 /* InventoryItem.swift */,
			);
			path = Models;
			sourceTree = "<group>";
		};
		E846DA1A2BC91AE900C217C1 /* List */ = {
			isa = PBXGroup;
			children = (
				E846DA1B2BC91AF300C217C1 /* ListViewModel.swift */,
				E846DA1D2BC91B5500C217C1 /* ListView.swift */,
				E846DA1F2BC91C0800C217C1 /* ListItemView.swift */,
			);
			path = List;
			sourceTree = "<group>";
		};
		E846DA292BC9223D00C217C1 /* Navigation */ = {
			isa = PBXGroup;
			children = (
				E846DA2A2BC9224900C217C1 /* Navigation.swift */,
			);
			path = Navigation;
			sourceTree = "<group>";
		};
		E846DA2C2BC9227100C217C1 /* Item */ = {
			isa = PBXGroup;
			children = (
				E846DA2D2BC9227D00C217C1 /* ItemView.swift */,
				E846DA302BC9229100C217C1 /* ItemViewModel.swift */,
			);
			path = Item;
			sourceTree = "<group>";
		};
		E846DA362BC92F0900C217C1 /* USDZ */ = {
			isa = PBXGroup;
			children = (
				E846DA412BCD4A7100C217C1 /* Camera.usdz */,
				E846DA372BC9300200C217C1 /* Drummer.usdz */,
				E846DA382BC9300200C217C1 /* DslrCamera.usdz */,
				E846DA392BC9300200C217C1 /* MagnifyingGlass.usdz */,
			);
			path = USDZ;
			sourceTree = "<group>";
		};
/* End PBXGroup section */

/* Begin PBXNativeTarget section */
		E846D9FE2BC7CE5E00C217C1 /* visionOS3DModelsTest */ = {
			isa = PBXNativeTarget;
			buildConfigurationList = E846DA142BC7CE6000C217C1 /* Build configuration list for PBXNativeTarget "visionOS3DModelsTest" */;
			buildPhases = (
				E846D9FB2BC7CE5E00C217C1 /* Sources */,
				E846D9FC2BC7CE5E00C217C1 /* Frameworks */,
				E846D9FD2BC7CE5E00C217C1 /* Resources */,
			);
			buildRules = (
			);
			dependencies = (
			);
			name = visionOS3DModelsTest;
			packageProductDependencies = (
				E846DA042BC7CE5E00C217C1 /* RealityKitContent */,
			);
			productName = visionOS3DModelsTest;
			productReference = E846D9FF2BC7CE5E00C217C1 /* visionOS3DModelsTest.app */;
			productType = "com.apple.product-type.application";
		};
/* End PBXNativeTarget section */

/* Begin PBXProject section */
		E846D9F72BC7CE5E00C217C1 /* Project object */ = {
			isa = PBXProject;
			attributes = {
				BuildIndependentTargetsInParallel = 1;
				LastSwiftUpdateCheck = 1520;
				LastUpgradeCheck = 1520;
				TargetAttributes = {
					E846D9FE2BC7CE5E00C217C1 = {
						CreatedOnToolsVersion = 15.2;
					};
				};
			};
			buildConfigurationList = E846D9FA2BC7CE5E00C217C1 /* Build configuration list for PBXProject "visionOS3DModelsTest" */;
			compatibilityVersion = "Xcode 14.0";
			developmentRegion = en;
			hasScannedForEncodings = 0;
			knownRegions = (
				en,
				Base,
			);
			mainGroup = E846D9F62BC7CE5E00C217C1;
			productRefGroup = E846DA002BC7CE5E00C217C1 /* Products */;
			projectDirPath = "";
			projectRoot = "";
			targets = (
				E846D9FE2BC7CE5E00C217C1 /* visionOS3DModelsTest */,
			);
		};
/* End PBXProject section */

/* Begin PBXResourcesBuildPhase section */
		E846D9FD2BC7CE5E00C217C1 /* Resources */ = {
			isa = PBXResourcesBuildPhase;
			buildActionMask = 2147483647;
			files = (
				E846DA102BC7CE6000C217C1 /* Preview Assets.xcassets in Resources */,
				E846DA3B2BC9300200C217C1 /* DslrCamera.usdz in Resources */,
				E846DA3C2BC9300200C217C1 /* MagnifyingGlass.usdz in Resources */,
				E846DA3A2BC9300200C217C1 /* Drummer.usdz in Resources */,
				E846DA422BCD4A7100C217C1 /* Camera.usdz in Resources */,
				E846DA0D2BC7CE6000C217C1 /* Assets.xcassets in Resources */,
			);
			runOnlyForDeploymentPostprocessing = 0;
		};
/* End PBXResourcesBuildPhase section */

/* Begin PBXSourcesBuildPhase section */
		E846D9FB2BC7CE5E00C217C1 /* Sources */ = {
			isa = PBXSourcesBuildPhase;
			buildActionMask = 2147483647;
			files = (
				E846DA1C2BC91AF300C217C1 /* ListViewModel.swift in Sources */,
				E846DA202BC91C0800C217C1 /* ListItemView.swift in Sources */,
				E846DA092BC7CE5E00C217C1 /* ContentView.swift in Sources */,
				E846DA312BC9229100C217C1 /* ItemViewModel.swift in Sources */,
				E846DA2B2BC9224900C217C1 /* Navigation.swift in Sources */,
				E846DA2E2BC9227D00C217C1 /* ItemView.swift in Sources */,
				E846DA1E2BC91B5500C217C1 /* ListView.swift in Sources */,
				E846DA072BC7CE5E00C217C1 /* visionOS3DModelsTestApp.swift in Sources */,
				E846DA0B2BC7CE5E00C217C1 /* ImmersiveView.swift in Sources */,
				E846DA192BC91A3400C217C1 /* InventoryItem.swift in Sources */,
			);
			runOnlyForDeploymentPostprocessing = 0;
		};
/* End PBXSourcesBuildPhase section */

/* Begin XCBuildConfiguration section */
		E846DA122BC7CE6000C217C1 /* Debug */ = {
			isa = XCBuildConfiguration;
			buildSettings = {
				ALWAYS_SEARCH_USER_PATHS = NO;
				ASSETCATALOG_COMPILER_GENERATE_SWIFT_ASSET_SYMBOL_EXTENSIONS = YES;
				CLANG_ANALYZER_NONNULL = YES;
				CLANG_ANALYZER_NUMBER_OBJECT_CONVERSION = YES_AGGRESSIVE;
				CLANG_CXX_LANGUAGE_STANDARD = "gnu++20";
				CLANG_ENABLE_MODULES = YES;
				CLANG_ENABLE_OBJC_ARC = YES;
				CLANG_ENABLE_OBJC_WEAK = YES;
				CLANG_WARN_BLOCK_CAPTURE_AUTORELEASING = YES;
				CLANG_WARN_BOOL_CONVERSION = YES;
				CLANG_WARN_COMMA = YES;
				CLANG_WARN_CONSTANT_CONVERSION = YES;
				CLANG_WARN_DEPRECATED_OBJC_IMPLEMENTATIONS = YES;
				CLANG_WARN_DIRECT_OBJC_ISA_USAGE = YES_ERROR;
				CLANG_WARN_DOCUMENTATION_COMMENTS = YES;
				CLANG_WARN_EMPTY_BODY = YES;
				CLANG_WARN_ENUM_CONVERSION = YES;
				CLANG_WARN_INFINITE_RECURSION = YES;
				CLANG_WARN_INT_CONVERSION = YES;
				CLANG_WARN_NON_LITERAL_NULL_CONVERSION = YES;
				CLANG_WARN_OBJC_IMPLICIT_RETAIN_SELF = YES;
				CLANG_WARN_OBJC_LITERAL_CONVERSION = YES;
				CLANG_WARN_OBJC_ROOT_CLASS = YES_ERROR;
				CLANG_WARN_QUOTED_INCLUDE_IN_FRAMEWORK_HEADER = YES;
				CLANG_WARN_RANGE_LOOP_ANALYSIS = YES;
				CLANG_WARN_STRICT_PROTOTYPES = YES;
				CLANG_WARN_SUSPICIOUS_MOVE = YES;
				CLANG_WARN_UNGUARDED_AVAILABILITY = YES_AGGRESSIVE;
				CLANG_WARN_UNREACHABLE_CODE = YES;
				CLANG_WARN__DUPLICATE_METHOD_MATCH = YES;
				COPY_PHASE_STRIP = NO;
				DEBUG_INFORMATION_FORMAT = dwarf;
				ENABLE_STRICT_OBJC_MSGSEND = YES;
				ENABLE_TESTABILITY = YES;
				ENABLE_USER_SCRIPT_SANDBOXING = YES;
				GCC_C_LANGUAGE_STANDARD = gnu17;
				GCC_DYNAMIC_NO_PIC = NO;
				GCC_NO_COMMON_BLOCKS = YES;
				GCC_OPTIMIZATION_LEVEL = 0;
				GCC_PREPROCESSOR_DEFINITIONS = (
					"DEBUG=1",
					"$(inherited)",
				);
				GCC_WARN_64_TO_32_BIT_CONVERSION = YES;
				GCC_WARN_ABOUT_RETURN_TYPE = YES_ERROR;
				GCC_WARN_UNDECLARED_SELECTOR = YES;
				GCC_WARN_UNINITIALIZED_AUTOS = YES_AGGRESSIVE;
				GCC_WARN_UNUSED_FUNCTION = YES;
				GCC_WARN_UNUSED_VARIABLE = YES;
				LOCALIZATION_PREFERS_STRING_CATALOGS = YES;
				MTL_ENABLE_DEBUG_INFO = INCLUDE_SOURCE;
				MTL_FAST_MATH = YES;
				ONLY_ACTIVE_ARCH = YES;
				SDKROOT = xros;
				SWIFT_ACTIVE_COMPILATION_CONDITIONS = "DEBUG $(inherited)";
				SWIFT_OPTIMIZATION_LEVEL = "-Onone";
				XROS_DEPLOYMENT_TARGET = 1.0;
			};
			name = Debug;
		};
		E846DA132BC7CE6000C217C1 /* Release */ = {
			isa = XCBuildConfiguration;
			buildSettings = {
				ALWAYS_SEARCH_USER_PATHS = NO;
				ASSETCATALOG_COMPILER_GENERATE_SWIFT_ASSET_SYMBOL_EXTENSIONS = YES;
				CLANG_ANALYZER_NONNULL = YES;
				CLANG_ANALYZER_NUMBER_OBJECT_CONVERSION = YES_AGGRESSIVE;
				CLANG_CXX_LANGUAGE_STANDARD = "gnu++20";
				CLANG_ENABLE_MODULES = YES;
				CLANG_ENABLE_OBJC_ARC = YES;
				CLANG_ENABLE_OBJC_WEAK = YES;
				CLANG_WARN_BLOCK_CAPTURE_AUTORELEASING = YES;
				CLANG_WARN_BOOL_CONVERSION = YES;
				CLANG_WARN_COMMA = YES;
				CLANG_WARN_CONSTANT_CONVERSION = YES;
				CLANG_WARN_DEPRECATED_OBJC_IMPLEMENTATIONS = YES;
				CLANG_WARN_DIRECT_OBJC_ISA_USAGE = YES_ERROR;
				CLANG_WARN_DOCUMENTATION_COMMENTS = YES;
				CLANG_WARN_EMPTY_BODY = YES;
				CLANG_WARN_ENUM_CONVERSION = YES;
				CLANG_WARN_INFINITE_RECURSION = YES;
				CLANG_WARN_INT_CONVERSION = YES;
				CLANG_WARN_NON_LITERAL_NULL_CONVERSION = YES;
				CLANG_WARN_OBJC_IMPLICIT_RETAIN_SELF = YES;
				CLANG_WARN_OBJC_LITERAL_CONVERSION = YES;
				CLANG_WARN_OBJC_ROOT_CLASS = YES_ERROR;
				CLANG_WARN_QUOTED_INCLUDE_IN_FRAMEWORK_HEADER = YES;
				CLANG_WARN_RANGE_LOOP_ANALYSIS = YES;
				CLANG_WARN_STRICT_PROTOTYPES = YES;
				CLANG_WARN_SUSPICIOUS_MOVE = YES;
				CLANG_WARN_UNGUARDED_AVAILABILITY = YES_AGGRESSIVE;
				CLANG_WARN_UNREACHABLE_CODE = YES;
				CLANG_WARN__DUPLICATE_METHOD_MATCH = YES;
				COPY_PHASE_STRIP = NO;
				DEBUG_INFORMATION_FORMAT = "dwarf-with-dsym";
				ENABLE_NS_ASSERTIONS = NO;
				ENABLE_STRICT_OBJC_MSGSEND = YES;
				ENABLE_USER_SCRIPT_SANDBOXING = YES;
				GCC_C_LANGUAGE_STANDARD = gnu17;
				GCC_NO_COMMON_BLOCKS = YES;
				GCC_WARN_64_TO_32_BIT_CONVERSION = YES;
				GCC_WARN_ABOUT_RETURN_TYPE = YES_ERROR;
				GCC_WARN_UNDECLARED_SELECTOR = YES;
				GCC_WARN_UNINITIALIZED_AUTOS = YES_AGGRESSIVE;
				GCC_WARN_UNUSED_FUNCTION = YES;
				GCC_WARN_UNUSED_VARIABLE = YES;
				LOCALIZATION_PREFERS_STRING_CATALOGS = YES;
				MTL_ENABLE_DEBUG_INFO = NO;
				MTL_FAST_MATH = YES;
				SDKROOT = xros;
				SWIFT_COMPILATION_MODE = wholemodule;
				VALIDATE_PRODUCT = YES;
				XROS_DEPLOYMENT_TARGET = 1.0;
			};
			name = Release;
		};
		E846DA152BC7CE6000C217C1 /* Debug */ = {
			isa = XCBuildConfiguration;
			buildSettings = {
				ASSETCATALOG_COMPILER_APPICON_NAME = AppIcon;
				ASSETCATALOG_COMPILER_GLOBAL_ACCENT_COLOR_NAME = AccentColor;
				CODE_SIGN_STYLE = Automatic;
				CURRENT_PROJECT_VERSION = 1;
				DEVELOPMENT_ASSET_PATHS = "\"visionOS3DModelsTest/Preview Content\"";
				DEVELOPMENT_TEAM = M46WL2C5J3;
				ENABLE_PREVIEWS = YES;
				GENERATE_INFOPLIST_FILE = YES;
				INFOPLIST_FILE = "$(TARGET_NAME)/Info.plist";
				LD_RUNPATH_SEARCH_PATHS = (
					"$(inherited)",
					"@executable_path/Frameworks",
				);
				MARKETING_VERSION = 1.0;
				PRODUCT_BUNDLE_IDENTIFIER = com.elijah.visionOS3DModelsTest;
				PRODUCT_NAME = "$(TARGET_NAME)";
				SUPPORTED_PLATFORMS = "xros xrsimulator";
				SWIFT_EMIT_LOC_STRINGS = YES;
				SWIFT_VERSION = 5.0;
				TARGETED_DEVICE_FAMILY = "1,2,7";
			};
			name = Debug;
		};
		E846DA162BC7CE6000C217C1 /* Release */ = {
			isa = XCBuildConfiguration;
			buildSettings = {
				ASSETCATALOG_COMPILER_APPICON_NAME = AppIcon;
				ASSETCATALOG_COMPILER_GLOBAL_ACCENT_COLOR_NAME = AccentColor;
				CODE_SIGN_STYLE = Automatic;
				CURRENT_PROJECT_VERSION = 1;
				DEVELOPMENT_ASSET_PATHS = "\"visionOS3DModelsTest/Preview Content\"";
				DEVELOPMENT_TEAM = M46WL2C5J3;
				ENABLE_PREVIEWS = YES;
				GENERATE_INFOPLIST_FILE = YES;
				INFOPLIST_FILE = "$(TARGET_NAME)/Info.plist";
				LD_RUNPATH_SEARCH_PATHS = (
					"$(inherited)",
					"@executable_path/Frameworks",
				);
				MARKETING_VERSION = 1.0;
				PRODUCT_BUNDLE_IDENTIFIER = com.elijah.visionOS3DModelsTest;
				PRODUCT_NAME = "$(TARGET_NAME)";
				SUPPORTED_PLATFORMS = "xros xrsimulator";
				SWIFT_EMIT_LOC_STRINGS = YES;
				SWIFT_VERSION = 5.0;
				TARGETED_DEVICE_FAMILY = "1,2,7";
			};
			name = Release;
		};
/* End XCBuildConfiguration section */

/* Begin XCConfigurationList section */
		E846D9FA2BC7CE5E00C217C1 /* Build configuration list for PBXProject "visionOS3DModelsTest" */ = {
			isa = XCConfigurationList;
			buildConfigurations = (
				E846DA122BC7CE6000C217C1 /* Debug */,
				E846DA132BC7CE6000C217C1 /* Release */,
			);
			defaultConfigurationIsVisible = 0;
			defaultConfigurationName = Release;
		};
		E846DA142BC7CE6000C217C1 /* Build configuration list for PBXNativeTarget "visionOS3DModelsTest" */ = {
			isa = XCConfigurationList;
			buildConfigurations = (
				E846DA152BC7CE6000C217C1 /* Debug */,
				E846DA162BC7CE6000C217C1 /* Release */,
			);
			defaultConfigurationIsVisible = 0;
			defaultConfigurationName = Release;
		};
/* End XCConfigurationList section */

/* Begin XCSwiftPackageProductDependency section */
		E846DA042BC7CE5E00C217C1 /* RealityKitContent */ = {
			isa = XCSwiftPackageProductDependency;
			productName = RealityKitContent;
		};
/* End XCSwiftPackageProductDependency section */
	};
	rootObject = E846D9F72BC7CE5E00C217C1 /* Project object */;
}
